
Microsoft Visual Studio Solution File, Format Version 12.00
# Visual Studio Version 16
VisualStudioVersion = 16.0.29509.3
MinimumVisualStudioVersion = 10.0.40219.1
Project("{9A19103F-16F7-4668-BE54-9A1E7A4F7556}") = "NetCoreApiGateway", "NetCoreApiGateway\NetCoreApiGateway.csproj", "{91E007B0-0BE8-492C-AB71-91292E60F54B}"
EndProject
Project("{9A19103F-16F7-4668-BE54-9A1E7A4F7556}") = "NetCoreApiGateway.Tests", "NetCoreApiGateway.Tests\NetCoreApiGateway.Tests.csproj", "{8B164422-594F-41F0-AA24-1E49E736DF1C}"
EndProject
Global
	GlobalSection(SolutionConfigurationPlatforms) = preSolution
		Debug|Any CPU = Debug|Any CPU
		Release|Any CPU = Release|Any CPU
	EndGlobalSection
	GlobalSection(ProjectConfigurationPlatforms) = postSolution
		{91E007B0-0BE8-492C-AB71-91292E60F54B}.Debug|Any CPU.ActiveCfg = Debug|Any CPU
		{91E007B0-0BE8-492C-AB71-91292E60F54B}.Debug|Any CPU.Build.0 = Debug|Any CPU
		{91E007B0-0BE8-492C-AB71-91292E60F54B}.Release|Any CPU.ActiveCfg = Release|Any CPU
		{91E007B0-0BE8-492C-AB71-91292E60F54B}.Release|Any CPU.Build.0 = Release|Any CPU
		{8B164422-594F-41F0-AA24-1E49E736DF1C}.Debug|Any CPU.ActiveCfg = Debug|Any CPU
		{8B164422-594F-41F0-AA24-1E49E736DF1C}.Debug|Any CPU.Build.0 = Debug|Any CPU
		{8B164422-594F-41F0-AA24-1E49E736DF1C}.Release|Any CPU.ActiveCfg = Release|Any CPU
		{8B164422-594F-41F0-AA24-1E49E736DF1C}.Release|Any CPU.Build.0 = Release|Any CPU
	EndGlobalSection
	GlobalSection(SolutionProperties) = preSolution
		HideSolutionNode = FALSE
	EndGlobalSection
	GlobalSection(ExtensibilityGlobals) = postSolution
		SolutionGuid = {E15570AC-A1BE-4D51-AC3E-6266CA8E05BF}
	EndGlobalSection
EndGlobal
